
Microsoft Visual Studio Solution File, Format Version 12.00
# Visual Studio Version 17
VisualStudioVersion = 17.4.33213.308
MinimumVisualStudioVersion = 10.0.40219.1
Project("{FAE04EC0-301F-11D3-BF4B-00C04F79EFBC}") = "Deliverable (4) - Arrays", "Deliverable (4) - Arrays.csproj", "{8E8E368B-03E8-44C4-B51B-8DC63B203897}"
EndProject
Global
	GlobalSection(SolutionConfigurationPlatforms) = preSolution
		Debug|Any CPU = Debug|Any CPU
		Release|Any CPU = Release|Any CPU
	EndGlobalSection
	GlobalSection(ProjectConfigurationPlatforms) = postSolution
		{8E8E368B-03E8-44C4-B51B-8DC63B203897}.Debug|Any CPU.ActiveCfg = Debug|Any CPU
		{8E8E368B-03E8-44C4-B51B-8DC63B203897}.Debug|Any CPU.Build.0 = Debug|Any CPU
		{8E8E368B-03E8-44C4-B51B-8DC63B203897}.Release|Any CPU.ActiveCfg = Release|Any CPU
		{8E8E368B-03E8-44C4-B51B-8DC63B203897}.Release|Any CPU.Build.0 = Release|Any CPU
	EndGlobalSection
	GlobalSection(SolutionProperties) = preSolution
		HideSolutionNode = FALSE
	EndGlobalSection
	GlobalSection(ExtensibilityGlobals) = postSolution
		SolutionGuid = {4B125EEE-533E-4B90-A478-4AC5B1A05FA4}
	EndGlobalSection
EndGlobal
